// !$*UTF8*$!
{
	archiveVersion = 1;
	classes = {
	};
	objectVersion = 56;
	objects = {

/* Begin PBXBuildFile section */
		7F9DD31D29CEC1A600DC1CA4 /* SwiftUI_GooglePlaceSearchApp.swift in Sources */ = {isa = PBXBuildFile; fileRef = 7F9DD31C29CEC1A600DC1CA4 /* SwiftUI_GooglePlaceSearchApp.swift */; };
		7F9DD31F29CEC1A600DC1CA4 /* ContentView.swift in Sources */ = {isa = PBXBuildFile; fileRef = 7F9DD31E29CEC1A600DC1CA4 /* ContentView.swift */; };
		7F9DD32129CEC1A800DC1CA4 /* Assets.xcassets in Resources */ = {isa = PBXBuildFile; fileRef = 7F9DD32029CEC1A800DC1CA4 /* Assets.xcassets */; };
		7F9DD32429CEC1A800DC1CA4 /* Preview Assets.xcassets in Resources */ = {isa = PBXBuildFile; fileRef = 7F9DD32329CEC1A800DC1CA4 /* Preview Assets.xcassets */; };
		7F9DD40029CEC73F00DC1CA4 /* GooglePlaces.xcframework in Frameworks */ = {isa = PBXBuildFile; fileRef = 7F9DD3FF29CEC73F00DC1CA4 /* GooglePlaces.xcframework */; };
		7F9DD40329CEC7E700DC1CA4 /* CoreGraphics.framework in Frameworks */ = {isa = PBXBuildFile; fileRef = 7F9DD40229CEC7E700DC1CA4 /* CoreGraphics.framework */; };
		7F9DD40529CEC7EF00DC1CA4 /* CoreLocation.framework in Frameworks */ = {isa = PBXBuildFile; fileRef = 7F9DD40429CEC7EF00DC1CA4 /* CoreLocation.framework */; };
		7F9DD40729CEC7FA00DC1CA4 /* libc++.tbd in Frameworks */ = {isa = PBXBuildFile; fileRef = 7F9DD40629CEC7FA00DC1CA4 /* libc++.tbd */; };
		7F9DD40929CEC80400DC1CA4 /* libz.tbd in Frameworks */ = {isa = PBXBuildFile; fileRef = 7F9DD40829CEC80400DC1CA4 /* libz.tbd */; };
		7F9DD40B29CEC80C00DC1CA4 /* QuartzCore.framework in Frameworks */ = {isa = PBXBuildFile; fileRef = 7F9DD40A29CEC80C00DC1CA4 /* QuartzCore.framework */; };
		7F9DD40D29CEC81200DC1CA4 /* UIKit.framework in Frameworks */ = {isa = PBXBuildFile; fileRef = 7F9DD40C29CEC81200DC1CA4 /* UIKit.framework */; };
		7F9DD40F29CEC8DC00DC1CA4 /* Secrets.swift in Sources */ = {isa = PBXBuildFile; fileRef = 7F9DD40E29CEC8DC00DC1CA4 /* Secrets.swift */; };
		7F9DD41229CEDC6100DC1CA4 /* GooglePlaces.bundle in Resources */ = {isa = PBXBuildFile; fileRef = 7F9DD41129CEDC6100DC1CA4 /* GooglePlaces.bundle */; };
		7F9DD41429CEE3A000DC1CA4 /* PlaceSearch.swift in Sources */ = {isa = PBXBuildFile; fileRef = 7F9DD41329CEE3A000DC1CA4 /* PlaceSearch.swift */; };
/* End PBXBuildFile section */

/* Begin PBXFileReference section */
		7F9DD31929CEC1A600DC1CA4 /* SwiftUI-GooglePlaceSearch.app */ = {isa = PBXFileReference; explicitFileType = wrapper.application; includeInIndex = 0; path = "SwiftUI-GooglePlaceSearch.app"; sourceTree = BUILT_PRODUCTS_DIR; };
		7F9DD31C29CEC1A600DC1CA4 /* SwiftUI_GooglePlaceSearchApp.swift */ = {isa = PBXFileReference; lastKnownFileType = sourcecode.swift; path = SwiftUI_GooglePlaceSearchApp.swift; sourceTree = "<group>"; };
		7F9DD31E29CEC1A600DC1CA4 /* ContentView.swift */ = {isa = PBXFileReference; lastKnownFileType = sourcecode.swift; path = ContentView.swift; sourceTree = "<group>"; };
		7F9DD32029CEC1A800DC1CA4 /* Assets.xcassets */ = {isa = PBXFileReference; lastKnownFileType = folder.assetcatalog; path = Assets.xcassets; sourceTree = "<group>"; };
		7F9DD32329CEC1A800DC1CA4 /* Preview Assets.xcassets */ = {isa = PBXFileReference; lastKnownFileType = folder.assetcatalog; path = "Preview Assets.xcassets"; sourceTree = "<group>"; };
		7F9DD3FF29CEC73F00DC1CA4 /* GooglePlaces.xcframework */ = {isa = PBXFileReference; lastKnownFileType = wrapper.xcframework; path = GooglePlaces.xcframework; sourceTree = "<group>"; };
		7F9DD40229CEC7E700DC1CA4 /* CoreGraphics.framework */ = {isa = PBXFileReference; lastKnownFileType = wrapper.framework; name = CoreGraphics.framework; path = System/Library/Frameworks/CoreGraphics.framework; sourceTree = SDKROOT; };
		7F9DD40429CEC7EF00DC1CA4 /* CoreLocation.framework */ = {isa = PBXFileReference; lastKnownFileType = wrapper.framework; name = CoreLocation.framework; path = System/Library/Frameworks/CoreLocation.framework; sourceTree = SDKROOT; };
		7F9DD40629CEC7FA00DC1CA4 /* libc++.tbd */ = {isa = PBXFileReference; lastKnownFileType = "sourcecode.text-based-dylib-definition"; name = "libc++.tbd"; path = "usr/lib/libc++.tbd"; sourceTree = SDKROOT; };
		7F9DD40829CEC80400DC1CA4 /* libz.tbd */ = {isa = PBXFileReference; lastKnownFileType = "sourcecode.text-based-dylib-definition"; name = libz.tbd; path = usr/lib/libz.tbd; sourceTree = SDKROOT; };
		7F9DD40A29CEC80C00DC1CA4 /* QuartzCore.framework */ = {isa = PBXFileReference; lastKnownFileType = wrapper.framework; name = QuartzCore.framework; path = System/Library/Frameworks/QuartzCore.framework; sourceTree = SDKROOT; };
		7F9DD40C29CEC81200DC1CA4 /* UIKit.framework */ = {isa = PBXFileReference; lastKnownFileType = wrapper.framework; name = UIKit.framework; path = System/Library/Frameworks/UIKit.framework; sourceTree = SDKROOT; };
		7F9DD40E29CEC8DC00DC1CA4 /* Secrets.swift */ = {isa = PBXFileReference; lastKnownFileType = sourcecode.swift; path = Secrets.swift; sourceTree = "<group>"; };
		7F9DD41129CEDC6100DC1CA4 /* GooglePlaces.bundle */ = {isa = PBXFileReference; lastKnownFileType = "wrapper.plug-in"; name = GooglePlaces.bundle; path = "GooglePlaces.xcframework/ios-arm64/GooglePlaces.framework/Resources/GooglePlaces.bundle"; sourceTree = "<group>"; };
		7F9DD41329CEE3A000DC1CA4 /* PlaceSearch.swift */ = {isa = PBXFileReference; lastKnownFileType = sourcecode.swift; path = PlaceSearch.swift; sourceTree = "<group>"; };
/* End PBXFileReference section */

/* Begin PBXFrameworksBuildPhase section */
		7F9DD31629CEC1A600DC1CA4 /* Frameworks */ = {
			isa = PBXFrameworksBuildPhase;
			buildActionMask = 2147483647;
			files = (
				7F9DD40D29CEC81200DC1CA4 /* UIKit.framework in Frameworks */,
				7F9DD40B29CEC80C00DC1CA4 /* QuartzCore.framework in Frameworks */,
				7F9DD40929CEC80400DC1CA4 /* libz.tbd in Frameworks */,
				7F9DD40729CEC7FA00DC1CA4 /* libc++.tbd in Frameworks */,
				7F9DD40529CEC7EF00DC1CA4 /* CoreLocation.framework in Frameworks */,
				7F9DD40329CEC7E700DC1CA4 /* CoreGraphics.framework in Frameworks */,
				7F9DD40029CEC73F00DC1CA4 /* GooglePlaces.xcframework in Frameworks */,
			);
			runOnlyForDeploymentPostprocessing = 0;
		};
/* End PBXFrameworksBuildPhase section */

/* Begin PBXGroup section */
		7F9DD31029CEC1A600DC1CA4 = {
			isa = PBXGroup;
			children = (
				7F9DD32A29CEC6F100DC1CA4 /* Static Frameworks */,
				7F9DD31B29CEC1A600DC1CA4 /* SwiftUI-GooglePlaceSearch */,
				7F9DD31A29CEC1A600DC1CA4 /* Products */,
				7F9DD40129CEC7E700DC1CA4 /* Frameworks */,
			);
			sourceTree = "<group>";
		};
		7F9DD31A29CEC1A600DC1CA4 /* Products */ = {
			isa = PBXGroup;
			children = (
				7F9DD31929CEC1A600DC1CA4 /* SwiftUI-GooglePlaceSearch.app */,
			);
			name = Products;
			sourceTree = "<group>";
		};
		7F9DD31B29CEC1A600DC1CA4 /* SwiftUI-GooglePlaceSearch */ = {
			isa = PBXGroup;
			children = (
				7F9DD31C29CEC1A600DC1CA4 /* SwiftUI_GooglePlaceSearchApp.swift */,
				7F9DD31E29CEC1A600DC1CA4 /* ContentView.swift */,
				7F9DD32029CEC1A800DC1CA4 /* Assets.xcassets */,
				7F9DD32229CEC1A800DC1CA4 /* Preview Content */,
				7F9DD40E29CEC8DC00DC1CA4 /* Secrets.swift */,
				7F9DD41329CEE3A000DC1CA4 /* PlaceSearch.swift */,
			);
			path = "SwiftUI-GooglePlaceSearch";
			sourceTree = "<group>";
		};
		7F9DD32229CEC1A800DC1CA4 /* Preview Content */ = {
			isa = PBXGroup;
			children = (
				7F9DD32329CEC1A800DC1CA4 /* Preview Assets.xcassets */,
			);
			path = "Preview Content";
			sourceTree = "<group>";
		};
		7F9DD32A29CEC6F100DC1CA4 /* Static Frameworks */ = {
			isa = PBXGroup;
			children = (
				7F9DD41129CEDC6100DC1CA4 /* GooglePlaces.bundle */,
				7F9DD3FF29CEC73F00DC1CA4 /* GooglePlaces.xcframework */,
			);
			path = "Static Frameworks";
			sourceTree = "<group>";
		};
		7F9DD40129CEC7E700DC1CA4 /* Frameworks */ = {
			isa = PBXGroup;
			children = (
				7F9DD40C29CEC81200DC1CA4 /* UIKit.framework */,
				7F9DD40A29CEC80C00DC1CA4 /* QuartzCore.framework */,
				7F9DD40829CEC80400DC1CA4 /* libz.tbd */,
				7F9DD40629CEC7FA00DC1CA4 /* libc++.tbd */,
				7F9DD40429CEC7EF00DC1CA4 /* CoreLocation.framework */,
				7F9DD40229CEC7E700DC1CA4 /* CoreGraphics.framework */,
			);
			name = Frameworks;
			sourceTree = "<group>";
		};
/* End PBXGroup section */

/* Begin PBXNativeTarget section */
		7F9DD31829CEC1A600DC1CA4 /* SwiftUI-GooglePlaceSearch */ = {
			isa = PBXNativeTarget;
			buildConfigurationList = 7F9DD32729CEC1A800DC1CA4 /* Build configuration list for PBXNativeTarget "SwiftUI-GooglePlaceSearch" */;
			buildPhases = (
				7F9DD31529CEC1A600DC1CA4 /* Sources */,
				7F9DD31629CEC1A600DC1CA4 /* Frameworks */,
				7F9DD31729CEC1A600DC1CA4 /* Resources */,
			);
			buildRules = (
			);
			dependencies = (
			);
			name = "SwiftUI-GooglePlaceSearch";
			productName = "SwiftUI-GooglePlaceSearch";
			productReference = 7F9DD31929CEC1A600DC1CA4 /* SwiftUI-GooglePlaceSearch.app */;
			productType = "com.apple.product-type.application";
		};
/* End PBXNativeTarget section */

/* Begin PBXProject section */
		7F9DD31129CEC1A600DC1CA4 /* Project object */ = {
			isa = PBXProject;
			attributes = {
				BuildIndependentTargetsInParallel = 1;
				LastSwiftUpdateCheck = 1420;
				LastUpgradeCheck = 1420;
				TargetAttributes = {
					7F9DD31829CEC1A600DC1CA4 = {
						CreatedOnToolsVersion = 14.2;
					};
				};
			};
			buildConfigurationList = 7F9DD31429CEC1A600DC1CA4 /* Build configuration list for PBXProject "SwiftUI-GooglePlaceSearch" */;
			compatibilityVersion = "Xcode 14.0";
			developmentRegion = en;
			hasScannedForEncodings = 0;
			knownRegions = (
				en,
				Base,
				de,
				he,
				en_AU,
				ar,
				el,
				ja,
				uk,
				es_419,
				es_MX,
				zh_CN,
				nb,
				es,
				pt_BR,
				da,
				it,
				sk,
				pt_PT,
				ms,
				sv,
				cs,
				en_IN,
				ko,
				hu,
				zh_HK,
				tr,
				pl,
				zh_TW,
				en_GB,
				vi,
				ru,
				fr_CA,
				fr,
				fi,
				id,
				nl,
				th,
				pt,
				ro,
				hr,
				hi,
				ca,
			);
			mainGroup = 7F9DD31029CEC1A600DC1CA4;
			productRefGroup = 7F9DD31A29CEC1A600DC1CA4 /* Products */;
			projectDirPath = "";
			projectRoot = "";
			targets = (
				7F9DD31829CEC1A600DC1CA4 /* SwiftUI-GooglePlaceSearch */,
			);
		};
/* End PBXProject section */

/* Begin PBXResourcesBuildPhase section */
		7F9DD31729CEC1A600DC1CA4 /* Resources */ = {
			isa = PBXResourcesBuildPhase;
			buildActionMask = 2147483647;
			files = (
				7F9DD32429CEC1A800DC1CA4 /* Preview Assets.xcassets in Resources */,
				7F9DD41229CEDC6100DC1CA4 /* GooglePlaces.bundle in Resources */,
				7F9DD32129CEC1A800DC1CA4 /* Assets.xcassets in Resources */,
			);
			runOnlyForDeploymentPostprocessing = 0;
		};
/* End PBXResourcesBuildPhase section */

/* Begin PBXSourcesBuildPhase section */
		7F9DD31529CEC1A600DC1CA4 /* Sources */ = {
			isa = PBXSourcesBuildPhase;
			buildActionMask = 2147483647;
			files = (
				7F9DD31F29CEC1A600DC1CA4 /* ContentView.swift in Sources */,
				7F9DD40F29CEC8DC00DC1CA4 /* Secrets.swift in Sources */,
				7F9DD31D29CEC1A600DC1CA4 /* SwiftUI_GooglePlaceSearchApp.swift in Sources */,
				7F9DD41429CEE3A000DC1CA4 /* PlaceSearch.swift in Sources */,
			);
			runOnlyForDeploymentPostprocessing = 0;
		};
/* End PBXSourcesBuildPhase section */

/* Begin XCBuildConfiguration section */
		7F9DD32529CEC1A800DC1CA4 /* Debug */ = {
			isa = XCBuildConfiguration;
			buildSettings = {
				ALWAYS_SEARCH_USER_PATHS = NO;
				CLANG_ANALYZER_NONNULL = YES;
				CLANG_ANALYZER_NUMBER_OBJECT_CONVERSION = YES_AGGRESSIVE;
				CLANG_CXX_LANGUAGE_STANDARD = "gnu++20";
				CLANG_ENABLE_MODULES = YES;
				CLANG_ENABLE_OBJC_ARC = YES;
				CLANG_ENABLE_OBJC_WEAK = YES;
				CLANG_WARN_BLOCK_CAPTURE_AUTORELEASING = YES;
				CLANG_WARN_BOOL_CONVERSION = YES;
				CLANG_WARN_COMMA = YES;
				CLANG_WARN_CONSTANT_CONVERSION = YES;
				CLANG_WARN_DEPRECATED_OBJC_IMPLEMENTATIONS = YES;
				CLANG_WARN_DIRECT_OBJC_ISA_USAGE = YES_ERROR;
				CLANG_WARN_DOCUMENTATION_COMMENTS = YES;
				CLANG_WARN_EMPTY_BODY = YES;
				CLANG_WARN_ENUM_CONVERSION = YES;
				CLANG_WARN_INFINITE_RECURSION = YES;
				CLANG_WARN_INT_CONVERSION = YES;
				CLANG_WARN_NON_LITERAL_NULL_CONVERSION = YES;
				CLANG_WARN_OBJC_IMPLICIT_RETAIN_SELF = YES;
				CLANG_WARN_OBJC_LITERAL_CONVERSION = YES;
				CLANG_WARN_OBJC_ROOT_CLASS = YES_ERROR;
				CLANG_WARN_QUOTED_INCLUDE_IN_FRAMEWORK_HEADER = YES;
				CLANG_WARN_RANGE_LOOP_ANALYSIS = YES;
				CLANG_WARN_STRICT_PROTOTYPES = YES;
				CLANG_WARN_SUSPICIOUS_MOVE = YES;
				CLANG_WARN_UNGUARDED_AVAILABILITY = YES_AGGRESSIVE;
				CLANG_WARN_UNREACHABLE_CODE = YES;
				CLANG_WARN__DUPLICATE_METHOD_MATCH = YES;
				COPY_PHASE_STRIP = NO;
				DEBUG_INFORMATION_FORMAT = dwarf;
				ENABLE_STRICT_OBJC_MSGSEND = YES;
				ENABLE_TESTABILITY = YES;
				GCC_C_LANGUAGE_STANDARD = gnu11;
				GCC_DYNAMIC_NO_PIC = NO;
				GCC_NO_COMMON_BLOCKS = YES;
				GCC_OPTIMIZATION_LEVEL = 0;
				GCC_PREPROCESSOR_DEFINITIONS = (
					"DEBUG=1",
					"$(inherited)",
				);
				GCC_WARN_64_TO_32_BIT_CONVERSION = YES;
				GCC_WARN_ABOUT_RETURN_TYPE = YES_ERROR;
				GCC_WARN_UNDECLARED_SELECTOR = YES;
				GCC_WARN_UNINITIALIZED_AUTOS = YES_AGGRESSIVE;
				GCC_WARN_UNUSED_FUNCTION = YES;
				GCC_WARN_UNUSED_VARIABLE = YES;
				IPHONEOS_DEPLOYMENT_TARGET = 16.2;
				MTL_ENABLE_DEBUG_INFO = INCLUDE_SOURCE;
				MTL_FAST_MATH = YES;
				ONLY_ACTIVE_ARCH = YES;
				OTHER_LDFLAGS = "-ObjC";
				SDKROOT = iphoneos;
				SWIFT_ACTIVE_COMPILATION_CONDITIONS = DEBUG;
				SWIFT_OPTIMIZATION_LEVEL = "-Onone";
			};
			name = Debug;
		};
		7F9DD32629CEC1A800DC1CA4 /* Release */ = {
			isa = XCBuildConfiguration;
			buildSettings = {
				ALWAYS_SEARCH_USER_PATHS = NO;
				CLANG_ANALYZER_NONNULL = YES;
				CLANG_ANALYZER_NUMBER_OBJECT_CONVERSION = YES_AGGRESSIVE;
				CLANG_CXX_LANGUAGE_STANDARD = "gnu++20";
				CLANG_ENABLE_MODULES = YES;
				CLANG_ENABLE_OBJC_ARC = YES;
				CLANG_ENABLE_OBJC_WEAK = YES;
				CLANG_WARN_BLOCK_CAPTURE_AUTORELEASING = YES;
				CLANG_WARN_BOOL_CONVERSION = YES;
				CLANG_WARN_COMMA = YES;
				CLANG_WARN_CONSTANT_CONVERSION = YES;
				CLANG_WARN_DEPRECATED_OBJC_IMPLEMENTATIONS = YES;
				CLANG_WARN_DIRECT_OBJC_ISA_USAGE = YES_ERROR;
				CLANG_WARN_DOCUMENTATION_COMMENTS = YES;
				CLANG_WARN_EMPTY_BODY = YES;
				CLANG_WARN_ENUM_CONVERSION = YES;
				CLANG_WARN_INFINITE_RECURSION = YES;
				CLANG_WARN_INT_CONVERSION = YES;
				CLANG_WARN_NON_LITERAL_NULL_CONVERSION = YES;
				CLANG_WARN_OBJC_IMPLICIT_RETAIN_SELF = YES;
				CLANG_WARN_OBJC_LITERAL_CONVERSION = YES;
				CLANG_WARN_OBJC_ROOT_CLASS = YES_ERROR;
				CLANG_WARN_QUOTED_INCLUDE_IN_FRAMEWORK_HEADER = YES;
				CLANG_WARN_RANGE_LOOP_ANALYSIS = YES;
				CLANG_WARN_STRICT_PROTOTYPES = YES;
				CLANG_WARN_SUSPICIOUS_MOVE = YES;
				CLANG_WARN_UNGUARDED_AVAILABILITY = YES_AGGRESSIVE;
				CLANG_WARN_UNREACHABLE_CODE = YES;
				CLANG_WARN__DUPLICATE_METHOD_MATCH = YES;
				COPY_PHASE_STRIP = NO;
				DEBUG_INFORMATION_FORMAT = "dwarf-with-dsym";
				ENABLE_NS_ASSERTIONS = NO;
				ENABLE_STRICT_OBJC_MSGSEND = YES;
				GCC_C_LANGUAGE_STANDARD = gnu11;
				GCC_NO_COMMON_BLOCKS = YES;
				GCC_WARN_64_TO_32_BIT_CONVERSION = YES;
				GCC_WARN_ABOUT_RETURN_TYPE = YES_ERROR;
				GCC_WARN_UNDECLARED_SELECTOR = YES;
				GCC_WARN_UNINITIALIZED_AUTOS = YES_AGGRESSIVE;
				GCC_WARN_UNUSED_FUNCTION = YES;
				GCC_WARN_UNUSED_VARIABLE = YES;
				IPHONEOS_DEPLOYMENT_TARGET = 16.2;
				MTL_ENABLE_DEBUG_INFO = NO;
				MTL_FAST_MATH = YES;
				OTHER_LDFLAGS = "-ObjC";
				SDKROOT = iphoneos;
				SWIFT_COMPILATION_MODE = wholemodule;
				SWIFT_OPTIMIZATION_LEVEL = "-O";
				VALIDATE_PRODUCT = YES;
			};
			name = Release;
		};
		7F9DD32829CEC1A800DC1CA4 /* Debug */ = {
			isa = XCBuildConfiguration;
			buildSettings = {
				ASSETCATALOG_COMPILER_APPICON_NAME = AppIcon;
				ASSETCATALOG_COMPILER_GLOBAL_ACCENT_COLOR_NAME = AccentColor;
				CODE_SIGN_STYLE = Automatic;
				CURRENT_PROJECT_VERSION = 1;
				DEVELOPMENT_ASSET_PATHS = "\"SwiftUI-GooglePlaceSearch/Preview Content\"";
				DEVELOPMENT_TEAM = 66846BKCQ4;
				ENABLE_PREVIEWS = YES;
				GENERATE_INFOPLIST_FILE = YES;
				INFOPLIST_KEY_UIApplicationSceneManifest_Generation = YES;
				INFOPLIST_KEY_UIApplicationSupportsIndirectInputEvents = YES;
				INFOPLIST_KEY_UILaunchScreen_Generation = YES;
				INFOPLIST_KEY_UISupportedInterfaceOrientations_iPad = "UIInterfaceOrientationPortrait UIInterfaceOrientationPortraitUpsideDown UIInterfaceOrientationLandscapeLeft UIInterfaceOrientationLandscapeRight";
				INFOPLIST_KEY_UISupportedInterfaceOrientations_iPhone = "UIInterfaceOrientationPortrait UIInterfaceOrientationLandscapeLeft UIInterfaceOrientationLandscapeRight";
				LD_RUNPATH_SEARCH_PATHS = (
					"$(inherited)",
					"@executable_path/Frameworks",
				);
				MARKETING_VERSION = 1.0;
				PRODUCT_BUNDLE_IDENTIFIER = "com.esikmalazman.SwiftUI-GooglePlaceSearch";
				PRODUCT_NAME = "$(TARGET_NAME)";
				SWIFT_EMIT_LOC_STRINGS = YES;
				SWIFT_VERSION = 5.0;
				TARGETED_DEVICE_FAMILY = "1,2";
			};
			name = Debug;
		};
		7F9DD32929CEC1A800DC1CA4 /* Release */ = {
			isa = XCBuildConfiguration;
			buildSettings = {
				ASSETCATALOG_COMPILER_APPICON_NAME = AppIcon;
				ASSETCATALOG_COMPILER_GLOBAL_ACCENT_COLOR_NAME = AccentColor;
				CODE_SIGN_STYLE = Automatic;
				CURRENT_PROJECT_VERSION = 1;
				DEVELOPMENT_ASSET_PATHS = "\"SwiftUI-GooglePlaceSearch/Preview Content\"";
				DEVELOPMENT_TEAM = 66846BKCQ4;
				ENABLE_PREVIEWS = YES;
				GENERATE_INFOPLIST_FILE = YES;
				INFOPLIST_KEY_UIApplicationSceneManifest_Generation = YES;
				INFOPLIST_KEY_UIApplicationSupportsIndirectInputEvents = YES;
				INFOPLIST_KEY_UILaunchScreen_Generation = YES;
				INFOPLIST_KEY_UISupportedInterfaceOrientations_iPad = "UIInterfaceOrientationPortrait UIInterfaceOrientationPortraitUpsideDown UIInterfaceOrientationLandscapeLeft UIInterfaceOrientationLandscapeRight";
				INFOPLIST_KEY_UISupportedInterfaceOrientations_iPhone = "UIInterfaceOrientationPortrait UIInterfaceOrientationLandscapeLeft UIInterfaceOrientationLandscapeRight";
				LD_RUNPATH_SEARCH_PATHS = (
					"$(inherited)",
					"@executable_path/Frameworks",
				);
				MARKETING_VERSION = 1.0;
				PRODUCT_BUNDLE_IDENTIFIER = "com.esikmalazman.SwiftUI-GooglePlaceSearch";
				PRODUCT_NAME = "$(TARGET_NAME)";
				SWIFT_EMIT_LOC_STRINGS = YES;
				SWIFT_VERSION = 5.0;
				TARGETED_DEVICE_FAMILY = "1,2";
			};
			name = Release;
		};
/* End XCBuildConfiguration section */

/* Begin XCConfigurationList section */
		7F9DD31429CEC1A600DC1CA4 /* Build configuration list for PBXProject "SwiftUI-GooglePlaceSearch" */ = {
			isa = XCConfigurationList;
			buildConfigurations = (
				7F9DD32529CEC1A800DC1CA4 /* Debug */,
				7F9DD32629CEC1A800DC1CA4 /* Release */,
			);
			defaultConfigurationIsVisible = 0;
			defaultConfigurationName = Release;
		};
		7F9DD32729CEC1A800DC1CA4 /* Build configuration list for PBXNativeTarget "SwiftUI-GooglePlaceSearch" */ = {
			isa = XCConfigurationList;
			buildConfigurations = (
				7F9DD32829CEC1A800DC1CA4 /* Debug */,
				7F9DD32929CEC1A800DC1CA4 /* Release */,
			);
			defaultConfigurationIsVisible = 0;
			defaultConfigurationName = Release;
		};
/* End XCConfigurationList section */
	};
	rootObject = 7F9DD31129CEC1A600DC1CA4 /* Project object */;
}
